// !$*UTF8*$!
{
	archiveVersion = 1;
	classes = {
	};
	objectVersion = 55;
	objects = {

/* Begin PBXBuildFile section */
		2D467AC22859CD9F00A0EE74 /* AppDelegate.m in Sources */ = {isa = PBXBuildFile; fileRef = 2D467AC12859CD9F00A0EE74 /* AppDelegate.m */; };
		2D467AC52859CD9F00A0EE74 /* SceneDelegate.m in Sources */ = {isa = PBXBuildFile; fileRef = 2D467AC42859CD9F00A0EE74 /* SceneDelegate.m */; };
		2D467AC82859CD9F00A0EE74 /* ViewController.m in Sources */ = {isa = PBXBuildFile; fileRef = 2D467AC72859CD9F00A0EE74 /* ViewController.m */; };
		2D467ACB2859CD9F00A0EE74 /* Main.storyboard in Resources */ = {isa = PBXBuildFile; fileRef = 2D467AC92859CD9F00A0EE74 /* Main.storyboard */; };
		2D467ACD2859CDA200A0EE74 /* Assets.xcassets in Resources */ = {isa = PBXBuildFile; fileRef = 2D467ACC2859CDA200A0EE74 /* Assets.xcassets */; };
		2D467AD02859CDA200A0EE74 /* LaunchScreen.storyboard in Resources */ = {isa = PBXBuildFile; fileRef = 2D467ACE2859CDA200A0EE74 /* LaunchScreen.storyboard */; };
		2D467AD32859CDA200A0EE74 /* main.m in Sources */ = {isa = PBXBuildFile; fileRef = 2D467AD22859CDA200A0EE74 /* main.m */; };
		2D467ADB2859CDBF00A0EE74 /* SQLiteMgr.m in Sources */ = {isa = PBXBuildFile; fileRef = 2D467ADA2859CDBF00A0EE74 /* SQLiteMgr.m */; };
		2D467ADE2859D47B00A0EE74 /* UserInfoSQLMgr.m in Sources */ = {isa = PBXBuildFile; fileRef = 2D467ADD2859D47B00A0EE74 /* UserInfoSQLMgr.m */; };
		2D467AE1285A127400A0EE74 /* User.m in Sources */ = {isa = PBXBuildFile; fileRef = 2D467AE0285A127400A0EE74 /* User.m */; };
		BC75892A850DAB14D5B41EEE /* Pods_SQLiteSample.framework in Frameworks */ = {isa = PBXBuildFile; fileRef = 91EC4E9A8F62BD2D187A06C8 /* Pods_SQLiteSample.framework */; };
		FA45DCEF285E183F003CC148 /* Security.framework in Frameworks */ = {isa = PBXBuildFile; fileRef = FA45DCEE285E183F003CC148 /* Security.framework */; };
/* End PBXBuildFile section */

/* Begin PBXFileReference section */
		2D467ABD2859CD9F00A0EE74 /* SQLiteSample.app */ = {isa = PBXFileReference; explicitFileType = wrapper.application; includeInIndex = 0; path = SQLiteSample.app; sourceTree = BUILT_PRODUCTS_DIR; };
		2D467AC02859CD9F00A0EE74 /* AppDelegate.h */ = {isa = PBXFileReference; lastKnownFileType = sourcecode.c.h; path = AppDelegate.h; sourceTree = "<group>"; };
		2D467AC12859CD9F00A0EE74 /* AppDelegate.m */ = {isa = PBXFileReference; lastKnownFileType = sourcecode.c.objc; path = AppDelegate.m; sourceTree = "<group>"; };
		2D467AC32859CD9F00A0EE74 /* SceneDelegate.h */ = {isa = PBXFileReference; lastKnownFileType = sourcecode.c.h; path = SceneDelegate.h; sourceTree = "<group>"; };
		2D467AC42859CD9F00A0EE74 /* SceneDelegate.m */ = {isa = PBXFileReference; lastKnownFileType = sourcecode.c.objc; path = SceneDelegate.m; sourceTree = "<group>"; };
		2D467AC62859CD9F00A0EE74 /* ViewController.h */ = {isa = PBXFileReference; lastKnownFileType = sourcecode.c.h; path = ViewController.h; sourceTree = "<group>"; };
		2D467AC72859CD9F00A0EE74 /* ViewController.m */ = {isa = PBXFileReference; lastKnownFileType = sourcecode.c.objc; path = ViewController.m; sourceTree = "<group>"; };
		2D467ACA2859CD9F00A0EE74 /* Base */ = {isa = PBXFileReference; lastKnownFileType = file.storyboard; name = Base; path = Base.lproj/Main.storyboard; sourceTree = "<group>"; };
		2D467ACC2859CDA200A0EE74 /* Assets.xcassets */ = {isa = PBXFileReference; lastKnownFileType = folder.assetcatalog; path = Assets.xcassets; sourceTree = "<group>"; };
		2D467ACF2859CDA200A0EE74 /* Base */ = {isa = PBXFileReference; lastKnownFileType = file.storyboard; name = Base; path = Base.lproj/LaunchScreen.storyboard; sourceTree = "<group>"; };
		2D467AD12859CDA200A0EE74 /* Info.plist */ = {isa = PBXFileReference; lastKnownFileType = text.plist.xml; path = Info.plist; sourceTree = "<group>"; };
		2D467AD22859CDA200A0EE74 /* main.m */ = {isa = PBXFileReference; lastKnownFileType = sourcecode.c.objc; path = main.m; sourceTree = "<group>"; };
		2D467AD92859CDBF00A0EE74 /* SQLiteMgr.h */ = {isa = PBXFileReference; lastKnownFileType = sourcecode.c.h; path = SQLiteMgr.h; sourceTree = "<group>"; };
		2D467ADA2859CDBF00A0EE74 /* SQLiteMgr.m */ = {isa = PBXFileReference; lastKnownFileType = sourcecode.c.objc; path = SQLiteMgr.m; sourceTree = "<group>"; };
		2D467ADC2859D47B00A0EE74 /* UserInfoSQLMgr.h */ = {isa = PBXFileReference; lastKnownFileType = sourcecode.c.h; path = UserInfoSQLMgr.h; sourceTree = "<group>"; };
		2D467ADD2859D47B00A0EE74 /* UserInfoSQLMgr.m */ = {isa = PBXFileReference; lastKnownFileType = sourcecode.c.objc; path = UserInfoSQLMgr.m; sourceTree = "<group>"; };
		2D467ADF285A127400A0EE74 /* User.h */ = {isa = PBXFileReference; lastKnownFileType = sourcecode.c.h; path = User.h; sourceTree = "<group>"; };
		2D467AE0285A127400A0EE74 /* User.m */ = {isa = PBXFileReference; lastKnownFileType = sourcecode.c.objc; path = User.m; sourceTree = "<group>"; };
		57E1563DFDA042C72594340E /* Pods-SQLiteSample.release.xcconfig */ = {isa = PBXFileReference; includeInIndex = 1; lastKnownFileType = text.xcconfig; name = "Pods-SQLiteSample.release.xcconfig"; path = "Target Support Files/Pods-SQLiteSample/Pods-SQLiteSample.release.xcconfig"; sourceTree = "<group>"; };
		7CC6F68069D40408CBB14782 /* Pods-SQLiteSample.debug.xcconfig */ = {isa = PBXFileReference; includeInIndex = 1; lastKnownFileType = text.xcconfig; name = "Pods-SQLiteSample.debug.xcconfig"; path = "Target Support Files/Pods-SQLiteSample/Pods-SQLiteSample.debug.xcconfig"; sourceTree = "<group>"; };
		91EC4E9A8F62BD2D187A06C8 /* Pods_SQLiteSample.framework */ = {isa = PBXFileReference; explicitFileType = wrapper.framework; includeInIndex = 0; path = Pods_SQLiteSample.framework; sourceTree = BUILT_PRODUCTS_DIR; };
		FA45DCEE285E183F003CC148 /* Security.framework */ = {isa = PBXFileReference; lastKnownFileType = wrapper.framework; name = Security.framework; path = System/Library/Frameworks/Security.framework; sourceTree = SDKROOT; };
/* End PBXFileReference section */

/* Begin PBXFrameworksBuildPhase section */
		2D467ABA2859CD9F00A0EE74 /* Frameworks */ = {
			isa = PBXFrameworksBuildPhase;
			buildActionMask = 2147483647;
			files = (
				FA45DCEF285E183F003CC148 /* Security.framework in Frameworks */,
				BC75892A850DAB14D5B41EEE /* Pods_SQLiteSample.framework in Frameworks */,
			);
			runOnlyForDeploymentPostprocessing = 0;
		};
/* End PBXFrameworksBuildPhase section */

/* Begin PBXGroup section */
		2D467AB42859CD9F00A0EE74 = {
			isa = PBXGroup;
			children = (
				2D467ABF2859CD9F00A0EE74 /* SQLiteSample */,
				2D467ABE2859CD9F00A0EE74 /* Products */,
				FA45DCED285E183F003CC148 /* Frameworks */,
				EFD0459092E384ED1C56963A /* Pods */,
			);
			sourceTree = "<group>";
		};
		2D467ABE2859CD9F00A0EE74 /* Products */ = {
			isa = PBXGroup;
			children = (
				2D467ABD2859CD9F00A0EE74 /* SQLiteSample.app */,
			);
			name = Products;
			sourceTree = "<group>";
		};
		2D467ABF2859CD9F00A0EE74 /* SQLiteSample */ = {
			isa = PBXGroup;
			children = (
				2D467AC02859CD9F00A0EE74 /* AppDelegate.h */,
				2D467AC12859CD9F00A0EE74 /* AppDelegate.m */,
				2D467AC32859CD9F00A0EE74 /* SceneDelegate.h */,
				2D467AC42859CD9F00A0EE74 /* SceneDelegate.m */,
				2D467AC62859CD9F00A0EE74 /* ViewController.h */,
				2D467AC72859CD9F00A0EE74 /* ViewController.m */,
				2D467AC92859CD9F00A0EE74 /* Main.storyboard */,
				2D467ACC2859CDA200A0EE74 /* Assets.xcassets */,
				2D467ACE2859CDA200A0EE74 /* LaunchScreen.storyboard */,
				2D467AD12859CDA200A0EE74 /* Info.plist */,
				2D467AD22859CDA200A0EE74 /* main.m */,
				2D467AD92859CDBF00A0EE74 /* SQLiteMgr.h */,
				2D467ADA2859CDBF00A0EE74 /* SQLiteMgr.m */,
				2D467ADC2859D47B00A0EE74 /* UserInfoSQLMgr.h */,
				2D467ADD2859D47B00A0EE74 /* UserInfoSQLMgr.m */,
				2D467ADF285A127400A0EE74 /* User.h */,
				2D467AE0285A127400A0EE74 /* User.m */,
			);
			path = SQLiteSample;
			sourceTree = "<group>";
		};
		EFD0459092E384ED1C56963A /* Pods */ = {
			isa = PBXGroup;
			children = (
				7CC6F68069D40408CBB14782 /* Pods-SQLiteSample.debug.xcconfig */,
				57E1563DFDA042C72594340E /* Pods-SQLiteSample.release.xcconfig */,
			);
			name = Pods;
			path = Pods;
			sourceTree = "<group>";
		};
		FA45DCED285E183F003CC148 /* Frameworks */ = {
			isa = PBXGroup;
			children = (
				FA45DCEE285E183F003CC148 /* Security.framework */,
				91EC4E9A8F62BD2D187A06C8 /* Pods_SQLiteSample.framework */,
			);
			name = Frameworks;
			sourceTree = "<group>";
		};
/* End PBXGroup section */

/* Begin PBXNativeTarget section */
		2D467ABC2859CD9F00A0EE74 /* SQLiteSample */ = {
			isa = PBXNativeTarget;
			buildConfigurationList = 2D467AD62859CDA200A0EE74 /* Build configuration list for PBXNativeTarget "SQLiteSample" */;
			buildPhases = (
				25D5BBB280FB5906B83556F5 /* [CP] Check Pods Manifest.lock */,
				2D467AB92859CD9F00A0EE74 /* Sources */,
				2D467ABA2859CD9F00A0EE74 /* Frameworks */,
				2D467ABB2859CD9F00A0EE74 /* Resources */,
				20F90E27E709B8AF3336075D /* [CP] Embed Pods Frameworks */,
			);
			buildRules = (
			);
			dependencies = (
			);
			name = SQLiteSample;
			productName = SQLiteSample;
			productReference = 2D467ABD2859CD9F00A0EE74 /* SQLiteSample.app */;
			productType = "com.apple.product-type.application";
		};
/* End PBXNativeTarget section */

/* Begin PBXProject section */
		2D467AB52859CD9F00A0EE74 /* Project object */ = {
			isa = PBXProject;
			attributes = {
				BuildIndependentTargetsInParallel = 1;
				LastUpgradeCheck = 1330;
				TargetAttributes = {
					2D467ABC2859CD9F00A0EE74 = {
						CreatedOnToolsVersion = 13.3.1;
					};
				};
			};
			buildConfigurationList = 2D467AB82859CD9F00A0EE74 /* Build configuration list for PBXProject "SQLiteSample" */;
			compatibilityVersion = "Xcode 13.0";
			developmentRegion = en;
			hasScannedForEncodings = 0;
			knownRegions = (
				en,
				Base,
			);
			mainGroup = 2D467AB42859CD9F00A0EE74;
			productRefGroup = 2D467ABE2859CD9F00A0EE74 /* Products */;
			projectDirPath = "";
			projectRoot = "";
			targets = (
				2D467ABC2859CD9F00A0EE74 /* SQLiteSample */,
			);
		};
/* End PBXProject section */

/* Begin PBXResourcesBuildPhase section */
		2D467ABB2859CD9F00A0EE74 /* Resources */ = {
			isa = PBXResourcesBuildPhase;
			buildActionMask = 2147483647;
			files = (
				2D467AD02859CDA200A0EE74 /* LaunchScreen.storyboard in Resources */,
				2D467ACD2859CDA200A0EE74 /* Assets.xcassets in Resources */,
				2D467ACB2859CD9F00A0EE74 /* Main.storyboard in Resources */,
			);
			runOnlyForDeploymentPostprocessing = 0;
		};
/* End PBXResourcesBuildPhase section */

/* Begin PBXShellScriptBuildPhase section */
		20F90E27E709B8AF3336075D /* [CP] Embed Pods Frameworks */ = {
			isa = PBXShellScriptBuildPhase;
			buildActionMask = 2147483647;
			files = (
			);
			inputFileListPaths = (
				"${PODS_ROOT}/Target Support Files/Pods-SQLiteSample/Pods-SQLiteSample-frameworks-${CONFIGURATION}-input-files.xcfilelist",
			);
			name = "[CP] Embed Pods Frameworks";
			outputFileListPaths = (
				"${PODS_ROOT}/Target Support Files/Pods-SQLiteSample/Pods-SQLiteSample-frameworks-${CONFIGURATION}-output-files.xcfilelist",
			);
			runOnlyForDeploymentPostprocessing = 0;
			shellPath = /bin/sh;
			shellScript = "\"${PODS_ROOT}/Target Support Files/Pods-SQLiteSample/Pods-SQLiteSample-frameworks.sh\"\n";
			showEnvVarsInLog = 0;
		};
		25D5BBB280FB5906B83556F5 /* [CP] Check Pods Manifest.lock */ = {
			isa = PBXShellScriptBuildPhase;
			buildActionMask = 2147483647;
			files = (
			);
			inputFileListPaths = (
			);
			inputPaths = (
				"${PODS_PODFILE_DIR_PATH}/Podfile.lock",
				"${PODS_ROOT}/Manifest.lock",
			);
			name = "[CP] Check Pods Manifest.lock";
			outputFileListPaths = (
			);
			outputPaths = (
				"$(DERIVED_FILE_DIR)/Pods-SQLiteSample-checkManifestLockResult.txt",
			);
			runOnlyForDeploymentPostprocessing = 0;
			shellPath = /bin/sh;
			shellScript = "diff \"${PODS_PODFILE_DIR_PATH}/Podfile.lock\" \"${PODS_ROOT}/Manifest.lock\" > /dev/null\nif [ $? != 0 ] ; then\n    # print error to STDERR\n    echo \"error: The sandbox is not in sync with the Podfile.lock. Run 'pod install' or update your CocoaPods installation.\" >&2\n    exit 1\nfi\n# This output is used by Xcode 'outputs' to avoid re-running this script phase.\necho \"SUCCESS\" > \"${SCRIPT_OUTPUT_FILE_0}\"\n";
			showEnvVarsInLog = 0;
		};
/* End PBXShellScriptBuildPhase section */

/* Begin PBXSourcesBuildPhase section */
		2D467AB92859CD9F00A0EE74 /* Sources */ = {
			isa = PBXSourcesBuildPhase;
			buildActionMask = 2147483647;
			files = (
				2D467ADE2859D47B00A0EE74 /* UserInfoSQLMgr.m in Sources */,
				2D467AE1285A127400A0EE74 /* User.m in Sources */,
				2D467AC82859CD9F00A0EE74 /* ViewController.m in Sources */,
				2D467AC22859CD9F00A0EE74 /* AppDelegate.m in Sources */,
				2D467AD32859CDA200A0EE74 /* main.m in Sources */,
				2D467AC52859CD9F00A0EE74 /* SceneDelegate.m in Sources */,
				2D467ADB2859CDBF00A0EE74 /* SQLiteMgr.m in Sources */,
			);
			runOnlyForDeploymentPostprocessing = 0;
		};
/* End PBXSourcesBuildPhase section */

/* Begin PBXVariantGroup section */
		2D467AC92859CD9F00A0EE74 /* Main.storyboard */ = {
			isa = PBXVariantGroup;
			children = (
				2D467ACA2859CD9F00A0EE74 /* Base */,
			);
			name = Main.storyboard;
			sourceTree = "<group>";
		};
		2D467ACE2859CDA200A0EE74 /* LaunchScreen.storyboard */ = {
			isa = PBXVariantGroup;
			children = (
				2D467ACF2859CDA200A0EE74 /* Base */,
			);
			name = LaunchScreen.storyboard;
			sourceTree = "<group>";
		};
/* End PBXVariantGroup section */

/* Begin XCBuildConfiguration section */
		2D467AD42859CDA200A0EE74 /* Debug */ = {
			isa = XCBuildConfiguration;
			buildSettings = {
				ALWAYS_SEARCH_USER_PATHS = NO;
				CLANG_ANALYZER_NONNULL = YES;
				CLANG_ANALYZER_NUMBER_OBJECT_CONVERSION = YES_AGGRESSIVE;
				CLANG_CXX_LANGUAGE_STANDARD = "gnu++17";
				CLANG_ENABLE_MODULES = YES;
				CLANG_ENABLE_OBJC_ARC = YES;
				CLANG_ENABLE_OBJC_WEAK = YES;
				CLANG_WARN_BLOCK_CAPTURE_AUTORELEASING = YES;
				CLANG_WARN_BOOL_CONVERSION = YES;
				CLANG_WARN_COMMA = YES;
				CLANG_WARN_CONSTANT_CONVERSION = YES;
				CLANG_WARN_DEPRECATED_OBJC_IMPLEMENTATIONS = YES;
				CLANG_WARN_DIRECT_OBJC_ISA_USAGE = YES_ERROR;
				CLANG_WARN_DOCUMENTATION_COMMENTS = YES;
				CLANG_WARN_EMPTY_BODY = YES;
				CLANG_WARN_ENUM_CONVERSION = YES;
				CLANG_WARN_INFINITE_RECURSION = YES;
				CLANG_WARN_INT_CONVERSION = YES;
				CLANG_WARN_NON_LITERAL_NULL_CONVERSION = YES;
				CLANG_WARN_OBJC_IMPLICIT_RETAIN_SELF = YES;
				CLANG_WARN_OBJC_LITERAL_CONVERSION = YES;
				CLANG_WARN_OBJC_ROOT_CLASS = YES_ERROR;
				CLANG_WARN_QUOTED_INCLUDE_IN_FRAMEWORK_HEADER = YES;
				CLANG_WARN_RANGE_LOOP_ANALYSIS = YES;
				CLANG_WARN_STRICT_PROTOTYPES = YES;
				CLANG_WARN_SUSPICIOUS_MOVE = YES;
				CLANG_WARN_UNGUARDED_AVAILABILITY = YES_AGGRESSIVE;
				CLANG_WARN_UNREACHABLE_CODE = YES;
				CLANG_WARN__DUPLICATE_METHOD_MATCH = YES;
				COPY_PHASE_STRIP = NO;
				DEBUG_INFORMATION_FORMAT = dwarf;
				ENABLE_STRICT_OBJC_MSGSEND = YES;
				ENABLE_TESTABILITY = YES;
				GCC_C_LANGUAGE_STANDARD = gnu11;
				GCC_DYNAMIC_NO_PIC = NO;
				GCC_NO_COMMON_BLOCKS = YES;
				GCC_OPTIMIZATION_LEVEL = 0;
				GCC_PREPROCESSOR_DEFINITIONS = (
					"DEBUG=1",
					"$(inherited)",
				);
				GCC_WARN_64_TO_32_BIT_CONVERSION = YES;
				GCC_WARN_ABOUT_RETURN_TYPE = YES_ERROR;
				GCC_WARN_UNDECLARED_SELECTOR = YES;
				GCC_WARN_UNINITIALIZED_AUTOS = YES_AGGRESSIVE;
				GCC_WARN_UNUSED_FUNCTION = YES;
				GCC_WARN_UNUSED_VARIABLE = YES;
				IPHONEOS_DEPLOYMENT_TARGET = 15.4;
				MTL_ENABLE_DEBUG_INFO = INCLUDE_SOURCE;
				MTL_FAST_MATH = YES;
				ONLY_ACTIVE_ARCH = YES;
				SDKROOT = iphoneos;
			};
			name = Debug;
		};
		2D467AD52859CDA200A0EE74 /* Release */ = {
			isa = XCBuildConfiguration;
			buildSettings = {
				ALWAYS_SEARCH_USER_PATHS = NO;
				CLANG_ANALYZER_NONNULL = YES;
				CLANG_ANALYZER_NUMBER_OBJECT_CONVERSION = YES_AGGRESSIVE;
				CLANG_CXX_LANGUAGE_STANDARD = "gnu++17";
				CLANG_ENABLE_MODULES = YES;
				CLANG_ENABLE_OBJC_ARC = YES;
				CLANG_ENABLE_OBJC_WEAK = YES;
				CLANG_WARN_BLOCK_CAPTURE_AUTORELEASING = YES;
				CLANG_WARN_BOOL_CONVERSION = YES;
				CLANG_WARN_COMMA = YES;
				CLANG_WARN_CONSTANT_CONVERSION = YES;
				CLANG_WARN_DEPRECATED_OBJC_IMPLEMENTATIONS = YES;
				CLANG_WARN_DIRECT_OBJC_ISA_USAGE = YES_ERROR;
				CLANG_WARN_DOCUMENTATION_COMMENTS = YES;
				CLANG_WARN_EMPTY_BODY = YES;
				CLANG_WARN_ENUM_CONVERSION = YES;
				CLANG_WARN_INFINITE_RECURSION = YES;
				CLANG_WARN_INT_CONVERSION = YES;
				CLANG_WARN_NON_LITERAL_NULL_CONVERSION = YES;
				CLANG_WARN_OBJC_IMPLICIT_RETAIN_SELF = YES;
				CLANG_WARN_OBJC_LITERAL_CONVERSION = YES;
				CLANG_WARN_OBJC_ROOT_CLASS = YES_ERROR;
				CLANG_WARN_QUOTED_INCLUDE_IN_FRAMEWORK_HEADER = YES;
				CLANG_WARN_RANGE_LOOP_ANALYSIS = YES;
				CLANG_WARN_STRICT_PROTOTYPES = YES;
				CLANG_WARN_SUSPICIOUS_MOVE = YES;
				CLANG_WARN_UNGUARDED_AVAILABILITY = YES_AGGRESSIVE;
				CLANG_WARN_UNREACHABLE_CODE = YES;
				CLANG_WARN__DUPLICATE_METHOD_MATCH = YES;
				COPY_PHASE_STRIP = NO;
				DEBUG_INFORMATION_FORMAT = "dwarf-with-dsym";
				ENABLE_NS_ASSERTIONS = NO;
				ENABLE_STRICT_OBJC_MSGSEND = YES;
				GCC_C_LANGUAGE_STANDARD = gnu11;
				GCC_NO_COMMON_BLOCKS = YES;
				GCC_WARN_64_TO_32_BIT_CONVERSION = YES;
				GCC_WARN_ABOUT_RETURN_TYPE = YES_ERROR;
				GCC_WARN_UNDECLARED_SELECTOR = YES;
				GCC_WARN_UNINITIALIZED_AUTOS = YES_AGGRESSIVE;
				GCC_WARN_UNUSED_FUNCTION = YES;
				GCC_WARN_UNUSED_VARIABLE = YES;
				IPHONEOS_DEPLOYMENT_TARGET = 15.4;
				MTL_ENABLE_DEBUG_INFO = NO;
				MTL_FAST_MATH = YES;
				SDKROOT = iphoneos;
				VALIDATE_PRODUCT = YES;
			};
			name = Release;
		};
		2D467AD72859CDA200A0EE74 /* Debug */ = {
			isa = XCBuildConfiguration;
			baseConfigurationReference = 7CC6F68069D40408CBB14782 /* Pods-SQLiteSample.debug.xcconfig */;
			buildSettings = {
				ASSETCATALOG_COMPILER_APPICON_NAME = AppIcon;
				ASSETCATALOG_COMPILER_GLOBAL_ACCENT_COLOR_NAME = AccentColor;
				CODE_SIGN_STYLE = Automatic;
				CURRENT_PROJECT_VERSION = 1;
				DEVELOPMENT_TEAM = D3T62NYA2A;
				GENERATE_INFOPLIST_FILE = YES;
				INFOPLIST_FILE = SQLiteSample/Info.plist;
				INFOPLIST_KEY_UIApplicationSupportsIndirectInputEvents = YES;
				INFOPLIST_KEY_UILaunchStoryboardName = LaunchScreen;
				INFOPLIST_KEY_UIMainStoryboardFile = Main;
				INFOPLIST_KEY_UISupportedInterfaceOrientations_iPad = "UIInterfaceOrientationPortrait UIInterfaceOrientationPortraitUpsideDown UIInterfaceOrientationLandscapeLeft UIInterfaceOrientationLandscapeRight";
				INFOPLIST_KEY_UISupportedInterfaceOrientations_iPhone = "UIInterfaceOrientationPortrait UIInterfaceOrientationLandscapeLeft UIInterfaceOrientationLandscapeRight";
				IPHONEOS_DEPLOYMENT_TARGET = 14.0;
				LD_RUNPATH_SEARCH_PATHS = (
					"$(inherited)",
					"@executable_path/Frameworks",
				);
				MARKETING_VERSION = 1.0;
				PRODUCT_BUNDLE_IDENTIFIER = com.tistory.es1015.SQLiteSample;
				PRODUCT_NAME = "$(TARGET_NAME)";
				SWIFT_EMIT_LOC_STRINGS = YES;
				TARGETED_DEVICE_FAMILY = "1,2";
			};
			name = Debug;
		};
		2D467AD82859CDA200A0EE74 /* Release */ = {
			isa = XCBuildConfiguration;
			baseConfigurationReference = 57E1563DFDA042C72594340E /* Pods-SQLiteSample.release.xcconfig */;
			buildSettings = {
				ASSETCATALOG_COMPILER_APPICON_NAME = AppIcon;
				ASSETCATALOG_COMPILER_GLOBAL_ACCENT_COLOR_NAME = AccentColor;
				CODE_SIGN_STYLE = Automatic;
				CURRENT_PROJECT_VERSION = 1;
				DEVELOPMENT_TEAM = D3T62NYA2A;
				GENERATE_INFOPLIST_FILE = YES;
				INFOPLIST_FILE = SQLiteSample/Info.plist;
				INFOPLIST_KEY_UIApplicationSupportsIndirectInputEvents = YES;
				INFOPLIST_KEY_UILaunchStoryboardName = LaunchScreen;
				INFOPLIST_KEY_UIMainStoryboardFile = Main;
				INFOPLIST_KEY_UISupportedInterfaceOrientations_iPad = "UIInterfaceOrientationPortrait UIInterfaceOrientationPortraitUpsideDown UIInterfaceOrientationLandscapeLeft UIInterfaceOrientationLandscapeRight";
				INFOPLIST_KEY_UISupportedInterfaceOrientations_iPhone = "UIInterfaceOrientationPortrait UIInterfaceOrientationLandscapeLeft UIInterfaceOrientationLandscapeRight";
				IPHONEOS_DEPLOYMENT_TARGET = 14.0;
				LD_RUNPATH_SEARCH_PATHS = (
					"$(inherited)",
					"@executable_path/Frameworks",
				);
				MARKETING_VERSION = 1.0;
				PRODUCT_BUNDLE_IDENTIFIER = com.tistory.es1015.SQLiteSample;
				PRODUCT_NAME = "$(TARGET_NAME)";
				SWIFT_EMIT_LOC_STRINGS = YES;
				TARGETED_DEVICE_FAMILY = "1,2";
			};
			name = Release;
		};
/* End XCBuildConfiguration section */

/* Begin XCConfigurationList section */
		2D467AB82859CD9F00A0EE74 /* Build configuration list for PBXProject "SQLiteSample" */ = {
			isa = XCConfigurationList;
			buildConfigurations = (
				2D467AD42859CDA200A0EE74 /* Debug */,
				2D467AD52859CDA200A0EE74 /* Release */,
			);
			defaultConfigurationIsVisible = 0;
			defaultConfigurationName = Release;
		};
		2D467AD62859CDA200A0EE74 /* Build configuration list for PBXNativeTarget "SQLiteSample" */ = {
			isa = XCConfigurationList;
			buildConfigurations = (
				2D467AD72859CDA200A0EE74 /* Debug */,
				2D467AD82859CDA200A0EE74 /* Release */,
			);
			defaultConfigurationIsVisible = 0;
			defaultConfigurationName = Release;
		};
/* End XCConfigurationList section */
	};
	rootObject = 2D467AB52859CD9F00A0EE74 /* Project object */;
}
