PODS:
  - SQLCipher (4.5.1):
    - SQLCipher/standard (= 4.5.1)
  - SQLCipher/common (4.5.1)
  - SQLCipher/standard (4.5.1):
    - SQLCipher/common

DEPENDENCIES:
  - SQLCipher (~> 4.0)

SPEC REPOS:
  trunk:
    - SQLCipher

SPEC CHECKSUMS:
  SQLCipher: 712e8416685e8e575b9b0706ffee71678b2fdcf8

PODFILE CHECKSUM: 1128d164262df63f52dba1cec95749d2cec560a9

COCOAPODS: 1.11.2
